// !$*UTF8*$!
{
	archiveVersion = 1;
	classes = {
	};
	objectVersion = 50;
	objects = {

/* Begin PBXBuildFile section */
		474472EE2159262200664060 /* AppDelegate.swift in Sources */ = {isa = PBXBuildFile; fileRef = 474472ED2159262200664060 /* AppDelegate.swift */; };
		474472F32159262200664060 /* Main.storyboard in Resources */ = {isa = PBXBuildFile; fileRef = 474472F12159262200664060 /* Main.storyboard */; };
		474472F52159262400664060 /* Assets.xcassets in Resources */ = {isa = PBXBuildFile; fileRef = 474472F42159262400664060 /* Assets.xcassets */; };
		474472F82159262400664060 /* LaunchScreen.storyboard in Resources */ = {isa = PBXBuildFile; fileRef = 474472F62159262400664060 /* LaunchScreen.storyboard */; };
		474473022159263000664060 /* CloudKit.framework in Frameworks */ = {isa = PBXBuildFile; fileRef = 474473012159263000664060 /* CloudKit.framework */; };
		474473042159273400664060 /* MessageListTableViewController.swift in Sources */ = {isa = PBXBuildFile; fileRef = 474473032159273400664060 /* MessageListTableViewController.swift */; };
		474473092159279B00664060 /* Message.swift in Sources */ = {isa = PBXBuildFile; fileRef = 474473082159279B00664060 /* Message.swift */; };
		4744730C215929CA00664060 /* MessageController.swift in Sources */ = {isa = PBXBuildFile; fileRef = 4744730B215929CA00664060 /* MessageController.swift */; };
		4744730E21592A4800664060 /* CloudKitManager.swift in Sources */ = {isa = PBXBuildFile; fileRef = 4744730D21592A4800664060 /* CloudKitManager.swift */; };
/* End PBXBuildFile section */

/* Begin PBXFileReference section */
		474472EA2159262200664060 /* BulletinBoardiOS21.app */ = {isa = PBXFileReference; explicitFileType = wrapper.application; includeInIndex = 0; path = BulletinBoardiOS21.app; sourceTree = BUILT_PRODUCTS_DIR; };
		474472ED2159262200664060 /* AppDelegate.swift */ = {isa = PBXFileReference; lastKnownFileType = sourcecode.swift; path = AppDelegate.swift; sourceTree = "<group>"; };
		474472F22159262200664060 /* Base */ = {isa = PBXFileReference; lastKnownFileType = file.storyboard; name = Base; path = Base.lproj/Main.storyboard; sourceTree = "<group>"; };
		474472F42159262400664060 /* Assets.xcassets */ = {isa = PBXFileReference; lastKnownFileType = folder.assetcatalog; path = Assets.xcassets; sourceTree = "<group>"; };
		474472F72159262400664060 /* Base */ = {isa = PBXFileReference; lastKnownFileType = file.storyboard; name = Base; path = Base.lproj/LaunchScreen.storyboard; sourceTree = "<group>"; };
		474472F92159262400664060 /* Info.plist */ = {isa = PBXFileReference; lastKnownFileType = text.plist.xml; path = Info.plist; sourceTree = "<group>"; };
		474472FF2159262D00664060 /* BulletinBoardiOS21.entitlements */ = {isa = PBXFileReference; lastKnownFileType = text.plist.entitlements; path = BulletinBoardiOS21.entitlements; sourceTree = "<group>"; };
		474473012159263000664060 /* CloudKit.framework */ = {isa = PBXFileReference; lastKnownFileType = wrapper.framework; name = CloudKit.framework; path = System/Library/Frameworks/CloudKit.framework; sourceTree = SDKROOT; };
		474473032159273400664060 /* MessageListTableViewController.swift */ = {isa = PBXFileReference; lastKnownFileType = sourcecode.swift; path = MessageListTableViewController.swift; sourceTree = "<group>"; };
		474473082159279B00664060 /* Message.swift */ = {isa = PBXFileReference; lastKnownFileType = sourcecode.swift; path = Message.swift; sourceTree = "<group>"; };
		4744730B215929CA00664060 /* MessageController.swift */ = {isa = PBXFileReference; lastKnownFileType = sourcecode.swift; path = MessageController.swift; sourceTree = "<group>"; };
		4744730D21592A4800664060 /* CloudKitManager.swift */ = {isa = PBXFileReference; lastKnownFileType = sourcecode.swift; path = CloudKitManager.swift; sourceTree = "<group>"; };
/* End PBXFileReference section */

/* Begin PBXFrameworksBuildPhase section */
		474472E72159262200664060 /* Frameworks */ = {
			isa = PBXFrameworksBuildPhase;
			buildActionMask = 2147483647;
			files = (
				474473022159263000664060 /* CloudKit.framework in Frameworks */,
			);
			runOnlyForDeploymentPostprocessing = 0;
		};
/* End PBXFrameworksBuildPhase section */

/* Begin PBXGroup section */
		474472E12159262200664060 = {
			isa = PBXGroup;
			children = (
				474472EC2159262200664060 /* BulletinBoardiOS21 */,
				474472EB2159262200664060 /* Products */,
				474473002159263000664060 /* Frameworks */,
			);
			sourceTree = "<group>";
		};
		474472EB2159262200664060 /* Products */ = {
			isa = PBXGroup;
			children = (
				474472EA2159262200664060 /* BulletinBoardiOS21.app */,
			);
			name = Products;
			sourceTree = "<group>";
		};
		474472EC2159262200664060 /* BulletinBoardiOS21 */ = {
			isa = PBXGroup;
			children = (
				4744730A2159279F00664060 /* Model */,
				4744731021592E6A00664060 /* ModelControllers */,
				4744730F21592E6300664060 /* Helpers */,
				474472FF2159262D00664060 /* BulletinBoardiOS21.entitlements */,
				474473052159274200664060 /* UI */,
				474473062159274B00664060 /* ViewController */,
				474473072159276600664060 /* Resources */,
			);
			path = BulletinBoardiOS21;
			sourceTree = "<group>";
		};
		474473002159263000664060 /* Frameworks */ = {
			isa = PBXGroup;
			children = (
				474473012159263000664060 /* CloudKit.framework */,
			);
			name = Frameworks;
			sourceTree = "<group>";
		};
		474473052159274200664060 /* UI */ = {
			isa = PBXGroup;
			children = (
				474472F12159262200664060 /* Main.storyboard */,
			);
			path = UI;
			sourceTree = "<group>";
		};
		474473062159274B00664060 /* ViewController */ = {
			isa = PBXGroup;
			children = (
				474473032159273400664060 /* MessageListTableViewController.swift */,
			);
			path = ViewController;
			sourceTree = "<group>";
		};
		474473072159276600664060 /* Resources */ = {
			isa = PBXGroup;
			children = (
				474472ED2159262200664060 /* AppDelegate.swift */,
				474472F42159262400664060 /* Assets.xcassets */,
				474472F62159262400664060 /* LaunchScreen.storyboard */,
				474472F92159262400664060 /* Info.plist */,
			);
			path = Resources;
			sourceTree = "<group>";
		};
		4744730A2159279F00664060 /* Model */ = {
			isa = PBXGroup;
			children = (
				474473082159279B00664060 /* Message.swift */,
			);
			path = Model;
			sourceTree = "<group>";
		};
		4744730F21592E6300664060 /* Helpers */ = {
			isa = PBXGroup;
			children = (
				4744730D21592A4800664060 /* CloudKitManager.swift */,
			);
			path = Helpers;
			sourceTree = "<group>";
		};
		4744731021592E6A00664060 /* ModelControllers */ = {
			isa = PBXGroup;
			children = (
				4744730B215929CA00664060 /* MessageController.swift */,
			);
			path = ModelControllers;
			sourceTree = "<group>";
		};
/* End PBXGroup section */

/* Begin PBXNativeTarget section */
		474472E92159262200664060 /* BulletinBoardiOS21 */ = {
			isa = PBXNativeTarget;
			buildConfigurationList = 474472FC2159262400664060 /* Build configuration list for PBXNativeTarget "BulletinBoardiOS21" */;
			buildPhases = (
				474472E62159262200664060 /* Sources */,
				474472E72159262200664060 /* Frameworks */,
				474472E82159262200664060 /* Resources */,
			);
			buildRules = (
			);
			dependencies = (
			);
			name = BulletinBoardiOS21;
			productName = BulletinBoardiOS21;
			productReference = 474472EA2159262200664060 /* BulletinBoardiOS21.app */;
			productType = "com.apple.product-type.application";
		};
/* End PBXNativeTarget section */

/* Begin PBXProject section */
		474472E22159262200664060 /* Project object */ = {
			isa = PBXProject;
			attributes = {
				LastSwiftUpdateCheck = 1000;
				LastUpgradeCheck = 1000;
				ORGANIZATIONNAME = ramcomw;
				TargetAttributes = {
					474472E92159262200664060 = {
						CreatedOnToolsVersion = 10.0;
						SystemCapabilities = {
							com.apple.Push = {
								enabled = 1;
							};
							com.apple.iCloud = {
								enabled = 1;
							};
						};
					};
				};
			};
			buildConfigurationList = 474472E52159262200664060 /* Build configuration list for PBXProject "BulletinBoardiOS21" */;
			compatibilityVersion = "Xcode 9.3";
			developmentRegion = en;
			hasScannedForEncodings = 0;
			knownRegions = (
				en,
				Base,
			);
			mainGroup = 474472E12159262200664060;
			productRefGroup = 474472EB2159262200664060 /* Products */;
			projectDirPath = "";
			projectRoot = "";
			targets = (
				474472E92159262200664060 /* BulletinBoardiOS21 */,
			);
		};
/* End PBXProject section */

/* Begin PBXResourcesBuildPhase section */
		474472E82159262200664060 /* Resources */ = {
			isa = PBXResourcesBuildPhase;
			buildActionMask = 2147483647;
			files = (
				474472F82159262400664060 /* LaunchScreen.storyboard in Resources */,
				474472F52159262400664060 /* Assets.xcassets in Resources */,
				474472F32159262200664060 /* Main.storyboard in Resources */,
			);
			runOnlyForDeploymentPostprocessing = 0;
		};
/* End PBXResourcesBuildPhase section */

/* Begin PBXSourcesBuildPhase section */
		474472E62159262200664060 /* Sources */ = {
			isa = PBXSourcesBuildPhase;
			buildActionMask = 2147483647;
			files = (
				474473092159279B00664060 /* Message.swift in Sources */,
				474472EE2159262200664060 /* AppDelegate.swift in Sources */,
				474473042159273400664060 /* MessageListTableViewController.swift in Sources */,
				4744730C215929CA00664060 /* MessageController.swift in Sources */,
				4744730E21592A4800664060 /* CloudKitManager.swift in Sources */,
			);
			runOnlyForDeploymentPostprocessing = 0;
		};
/* End PBXSourcesBuildPhase section */

/* Begin PBXVariantGroup section */
		474472F12159262200664060 /* Main.storyboard */ = {
			isa = PBXVariantGroup;
			children = (
				474472F22159262200664060 /* Base */,
			);
			name = Main.storyboard;
			sourceTree = "<group>";
		};
		474472F62159262400664060 /* LaunchScreen.storyboard */ = {
			isa = PBXVariantGroup;
			children = (
				474472F72159262400664060 /* Base */,
			);
			name = LaunchScreen.storyboard;
			sourceTree = "<group>";
		};
/* End PBXVariantGroup section */

/* Begin XCBuildConfiguration section */
		474472FA2159262400664060 /* Debug */ = {
			isa = XCBuildConfiguration;
			buildSettings = {
				ALWAYS_SEARCH_USER_PATHS = NO;
				CLANG_ANALYZER_NONNULL = YES;
				CLANG_ANALYZER_NUMBER_OBJECT_CONVERSION = YES_AGGRESSIVE;
				CLANG_CXX_LANGUAGE_STANDARD = "gnu++14";
				CLANG_CXX_LIBRARY = "libc++";
				CLANG_ENABLE_MODULES = YES;
				CLANG_ENABLE_OBJC_ARC = YES;
				CLANG_ENABLE_OBJC_WEAK = YES;
				CLANG_WARN_BLOCK_CAPTURE_AUTORELEASING = YES;
				CLANG_WARN_BOOL_CONVERSION = YES;
				CLANG_WARN_COMMA = YES;
				CLANG_WARN_CONSTANT_CONVERSION = YES;
				CLANG_WARN_DEPRECATED_OBJC_IMPLEMENTATIONS = YES;
				CLANG_WARN_DIRECT_OBJC_ISA_USAGE = YES_ERROR;
				CLANG_WARN_DOCUMENTATION_COMMENTS = YES;
				CLANG_WARN_EMPTY_BODY = YES;
				CLANG_WARN_ENUM_CONVERSION = YES;
				CLANG_WARN_INFINITE_RECURSION = YES;
				CLANG_WARN_INT_CONVERSION = YES;
				CLANG_WARN_NON_LITERAL_NULL_CONVERSION = YES;
				CLANG_WARN_OBJC_IMPLICIT_RETAIN_SELF = YES;
				CLANG_WARN_OBJC_LITERAL_CONVERSION = YES;
				CLANG_WARN_OBJC_ROOT_CLASS = YES_ERROR;
				CLANG_WARN_RANGE_LOOP_ANALYSIS = YES;
				CLANG_WARN_STRICT_PROTOTYPES = YES;
				CLANG_WARN_SUSPICIOUS_MOVE = YES;
				CLANG_WARN_UNGUARDED_AVAILABILITY = YES_AGGRESSIVE;
				CLANG_WARN_UNREACHABLE_CODE = YES;
				CLANG_WARN__DUPLICATE_METHOD_MATCH = YES;
				CODE_SIGN_IDENTITY = "iPhone Developer";
				COPY_PHASE_STRIP = NO;
				DEBUG_INFORMATION_FORMAT = dwarf;
				ENABLE_STRICT_OBJC_MSGSEND = YES;
				ENABLE_TESTABILITY = YES;
				GCC_C_LANGUAGE_STANDARD = gnu11;
				GCC_DYNAMIC_NO_PIC = NO;
				GCC_NO_COMMON_BLOCKS = YES;
				GCC_OPTIMIZATION_LEVEL = 0;
				GCC_PREPROCESSOR_DEFINITIONS = (
					"DEBUG=1",
					"$(inherited)",
				);
				GCC_WARN_64_TO_32_BIT_CONVERSION = YES;
				GCC_WARN_ABOUT_RETURN_TYPE = YES_ERROR;
				GCC_WARN_UNDECLARED_SELECTOR = YES;
				GCC_WARN_UNINITIALIZED_AUTOS = YES_AGGRESSIVE;
				GCC_WARN_UNUSED_FUNCTION = YES;
				GCC_WARN_UNUSED_VARIABLE = YES;
				IPHONEOS_DEPLOYMENT_TARGET = 12.0;
				MTL_ENABLE_DEBUG_INFO = INCLUDE_SOURCE;
				MTL_FAST_MATH = YES;
				ONLY_ACTIVE_ARCH = YES;
				SDKROOT = iphoneos;
				SWIFT_ACTIVE_COMPILATION_CONDITIONS = DEBUG;
				SWIFT_OPTIMIZATION_LEVEL = "-Onone";
			};
			name = Debug;
		};
		474472FB2159262400664060 /* Release */ = {
			isa = XCBuildConfiguration;
			buildSettings = {
				ALWAYS_SEARCH_USER_PATHS = NO;
				CLANG_ANALYZER_NONNULL = YES;
				CLANG_ANALYZER_NUMBER_OBJECT_CONVERSION = YES_AGGRESSIVE;
				CLANG_CXX_LANGUAGE_STANDARD = "gnu++14";
				CLANG_CXX_LIBRARY = "libc++";
				CLANG_ENABLE_MODULES = YES;
				CLANG_ENABLE_OBJC_ARC = YES;
				CLANG_ENABLE_OBJC_WEAK = YES;
				CLANG_WARN_BLOCK_CAPTURE_AUTORELEASING = YES;
				CLANG_WARN_BOOL_CONVERSION = YES;
				CLANG_WARN_COMMA = YES;
				CLANG_WARN_CONSTANT_CONVERSION = YES;
				CLANG_WARN_DEPRECATED_OBJC_IMPLEMENTATIONS = YES;
				CLANG_WARN_DIRECT_OBJC_ISA_USAGE = YES_ERROR;
				CLANG_WARN_DOCUMENTATION_COMMENTS = YES;
				CLANG_WARN_EMPTY_BODY = YES;
				CLANG_WARN_ENUM_CONVERSION = YES;
				CLANG_WARN_INFINITE_RECURSION = YES;
				CLANG_WARN_INT_CONVERSION = YES;
				CLANG_WARN_NON_LITERAL_NULL_CONVERSION = YES;
				CLANG_WARN_OBJC_IMPLICIT_RETAIN_SELF = YES;
				CLANG_WARN_OBJC_LITERAL_CONVERSION = YES;
				CLANG_WARN_OBJC_ROOT_CLASS = YES_ERROR;
				CLANG_WARN_RANGE_LOOP_ANALYSIS = YES;
				CLANG_WARN_STRICT_PROTOTYPES = YES;
				CLANG_WARN_SUSPICIOUS_MOVE = YES;
				CLANG_WARN_UNGUARDED_AVAILABILITY = YES_AGGRESSIVE;
				CLANG_WARN_UNREACHABLE_CODE = YES;
				CLANG_WARN__DUPLICATE_METHOD_MATCH = YES;
				CODE_SIGN_IDENTITY = "iPhone Developer";
				COPY_PHASE_STRIP = NO;
				DEBUG_INFORMATION_FORMAT = "dwarf-with-dsym";
				ENABLE_NS_ASSERTIONS = NO;
				ENABLE_STRICT_OBJC_MSGSEND = YES;
				GCC_C_LANGUAGE_STANDARD = gnu11;
				GCC_NO_COMMON_BLOCKS = YES;
				GCC_WARN_64_TO_32_BIT_CONVERSION = YES;
				GCC_WARN_ABOUT_RETURN_TYPE = YES_ERROR;
				GCC_WARN_UNDECLARED_SELECTOR = YES;
				GCC_WARN_UNINITIALIZED_AUTOS = YES_AGGRESSIVE;
				GCC_WARN_UNUSED_FUNCTION = YES;
				GCC_WARN_UNUSED_VARIABLE = YES;
				IPHONEOS_DEPLOYMENT_TARGET = 12.0;
				MTL_ENABLE_DEBUG_INFO = NO;
				MTL_FAST_MATH = YES;
				SDKROOT = iphoneos;
				SWIFT_COMPILATION_MODE = wholemodule;
				SWIFT_OPTIMIZATION_LEVEL = "-O";
				VALIDATE_PRODUCT = YES;
			};
			name = Release;
		};
		474472FD2159262400664060 /* Debug */ = {
			isa = XCBuildConfiguration;
			buildSettings = {
				ASSETCATALOG_COMPILER_APPICON_NAME = AppIcon;
				CODE_SIGN_ENTITLEMENTS = BulletinBoardiOS21/BulletinBoardiOS21.entitlements;
				CODE_SIGN_STYLE = Automatic;
				DEVELOPMENT_TEAM = L7AYJDAX2C;
				INFOPLIST_FILE = "$(SRCROOT)/BulletinBoardiOS21/Resources/Info.plist";
				LD_RUNPATH_SEARCH_PATHS = (
					"$(inherited)",
					"@executable_path/Frameworks",
				);
				PRODUCT_BUNDLE_IDENTIFIER = com.ramcomw.i2v.BulletinBoardiOS21;
				PRODUCT_NAME = "$(TARGET_NAME)";
				SWIFT_VERSION = 4.2;
				TARGETED_DEVICE_FAMILY = "1,2";
			};
			name = Debug;
		};
		474472FE2159262400664060 /* Release */ = {
			isa = XCBuildConfiguration;
			buildSettings = {
				ASSETCATALOG_COMPILER_APPICON_NAME = AppIcon;
				CODE_SIGN_ENTITLEMENTS = BulletinBoardiOS21/BulletinBoardiOS21.entitlements;
				CODE_SIGN_STYLE = Automatic;
				DEVELOPMENT_TEAM = L7AYJDAX2C;
				INFOPLIST_FILE = "$(SRCROOT)/BulletinBoardiOS21/Resources/Info.plist";
				LD_RUNPATH_SEARCH_PATHS = (
					"$(inherited)",
					"@executable_path/Frameworks",
				);
				PRODUCT_BUNDLE_IDENTIFIER = com.ramcomw.i2v.BulletinBoardiOS21;
				PRODUCT_NAME = "$(TARGET_NAME)";
				SWIFT_VERSION = 4.2;
				TARGETED_DEVICE_FAMILY = "1,2";
			};
			name = Release;
		};
/* End XCBuildConfiguration section */

/* Begin XCConfigurationList section */
		474472E52159262200664060 /* Build configuration list for PBXProject "BulletinBoardiOS21" */ = {
			isa = XCConfigurationList;
			buildConfigurations = (
				474472FA2159262400664060 /* Debug */,
				474472FB2159262400664060 /* Release */,
			);
			defaultConfigurationIsVisible = 0;
			defaultConfigurationName = Release;
		};
		474472FC2159262400664060 /* Build configuration list for PBXNativeTarget "BulletinBoardiOS21" */ = {
			isa = XCConfigurationList;
			buildConfigurations = (
				474472FD2159262400664060 /* Debug */,
				474472FE2159262400664060 /* Release */,
			);
			defaultConfigurationIsVisible = 0;
			defaultConfigurationName = Release;
		};
/* End XCConfigurationList section */
	};
	rootObject = 474472E22159262200664060 /* Project object */;
}
